
Microsoft Visual Studio Solution File, Format Version 10.00
# Visual Studio 2008
Project("{FAE04EC0-301F-11D3-BF4B-00C04F79EFBC}") = "Problem 25", "Problem 25.csproj", "{B7958D5C-BB9E-4ECE-BF84-4DD1F36142DB}"
EndProject
Global
	GlobalSection(SolutionConfigurationPlatforms) = preSolution
		Debug|Any CPU = Debug|Any CPU
		Release|Any CPU = Release|Any CPU
	EndGlobalSection
	GlobalSection(ProjectConfigurationPlatforms) = postSolution
		{B7958D5C-BB9E-4ECE-BF84-4DD1F36142DB}.Debug|Any CPU.ActiveCfg = Debug|Any CPU
		{B7958D5C-BB9E-4ECE-BF84-4DD1F36142DB}.Debug|Any CPU.Build.0 = Debug|Any CPU
		{B7958D5C-BB9E-4ECE-BF84-4DD1F36142DB}.Release|Any CPU.ActiveCfg = Release|Any CPU
		{B7958D5C-BB9E-4ECE-BF84-4DD1F36142DB}.Release|Any CPU.Build.0 = Release|Any CPU
	EndGlobalSection
	GlobalSection(SolutionProperties) = preSolution
		HideSolutionNode = FALSE
	EndGlobalSection
EndGlobal
